
Microsoft Visual Studio Solution File, Format Version 12.00
# Visual Studio 15
VisualStudioVersion = 15.0.28307.1082
MinimumVisualStudioVersion = 10.0.40219.1
Project("{FAE04EC0-301F-11D3-BF4B-00C04F79EFBC}") = "AssessableLab", "AssessableLab\AssessableLab.csproj", "{B126C808-C74B-4197-B767-7A12770E3B7D}"
EndProject
Global
	GlobalSection(SolutionConfigurationPlatforms) = preSolution
		Debug|Any CPU = Debug|Any CPU
		Release|Any CPU = Release|Any CPU
	EndGlobalSection
	GlobalSection(ProjectConfigurationPlatforms) = postSolution
		{B126C808-C74B-4197-B767-7A12770E3B7D}.Debug|Any CPU.ActiveCfg = Debug|Any CPU
		{B126C808-C74B-4197-B767-7A12770E3B7D}.Debug|Any CPU.Build.0 = Debug|Any CPU
		{B126C808-C74B-4197-B767-7A12770E3B7D}.Release|Any CPU.ActiveCfg = Release|Any CPU
		{B126C808-C74B-4197-B767-7A12770E3B7D}.Release|Any CPU.Build.0 = Release|Any CPU
	EndGlobalSection
	GlobalSection(SolutionProperties) = preSolution
		HideSolutionNode = FALSE
	EndGlobalSection
	GlobalSection(ExtensibilityGlobals) = postSolution
		SolutionGuid = {BAF5AC4B-83AF-464B-9FEF-2613B5288EAE}
	EndGlobalSection
EndGlobal
