
Microsoft Visual Studio Solution File, Format Version 12.00
# Visual Studio 15
VisualStudioVersion = 15.0.28307.1082
MinimumVisualStudioVersion = 10.0.40219.1
Project("{FAE04EC0-301F-11D3-BF4B-00C04F79EFBC}") = "AssessableLab13", "AssessableLab13\AssessableLab13.csproj", "{E38F7FD7-6169-421B-A91A-E8B11FD27326}"
EndProject
Global
	GlobalSection(SolutionConfigurationPlatforms) = preSolution
		Debug|Any CPU = Debug|Any CPU
		Release|Any CPU = Release|Any CPU
	EndGlobalSection
	GlobalSection(ProjectConfigurationPlatforms) = postSolution
		{E38F7FD7-6169-421B-A91A-E8B11FD27326}.Debug|Any CPU.ActiveCfg = Debug|Any CPU
		{E38F7FD7-6169-421B-A91A-E8B11FD27326}.Debug|Any CPU.Build.0 = Debug|Any CPU
		{E38F7FD7-6169-421B-A91A-E8B11FD27326}.Release|Any CPU.ActiveCfg = Release|Any CPU
		{E38F7FD7-6169-421B-A91A-E8B11FD27326}.Release|Any CPU.Build.0 = Release|Any CPU
	EndGlobalSection
	GlobalSection(SolutionProperties) = preSolution
		HideSolutionNode = FALSE
	EndGlobalSection
	GlobalSection(ExtensibilityGlobals) = postSolution
		SolutionGuid = {EDBF4162-1BBE-4843-AA6C-0C3DB3C7C918}
	EndGlobalSection
EndGlobal
